
Microsoft Visual Studio Solution File, Format Version 12.00
# Visual Studio Version 17
VisualStudioVersion = 17.10.34928.147
MinimumVisualStudioVersion = 10.0.40219.1
Project("{FAE04EC0-301F-11D3-BF4B-00C04F79EFBC}") = "BusinessObjects", "BusinessObjects\BusinessObjects.csproj", "{66D39802-5FAB-4F99-9D92-948F1D915A29}"
EndProject
Project("{FAE04EC0-301F-11D3-BF4B-00C04F79EFBC}") = "DataAccessObjects", "DataAccessObjects\DataAccessObjects.csproj", "{3BC2B7E5-E981-4D95-BFD8-5C991F990A6C}"
EndProject
Project("{FAE04EC0-301F-11D3-BF4B-00C04F79EFBC}") = "Repositories", "Repositories\Repositories.csproj", "{3EC84CBB-8704-43D9-8F17-6B67FC02EEC3}"
EndProject
Project("{FAE04EC0-301F-11D3-BF4B-00C04F79EFBC}") = "Services", "Services\Services.csproj", "{78EA4C65-09BC-4A8D-BFB1-47549EE95714}"
EndProject
Project("{FAE04EC0-301F-11D3-BF4B-00C04F79EFBC}") = "WPFApp", "WPFApp\WPFApp.csproj", "{817E78A4-3123-4325-8DDB-3379FCC3869A}"
EndProject
Global
	GlobalSection(SolutionConfigurationPlatforms) = preSolution
		Debug|Any CPU = Debug|Any CPU
		Release|Any CPU = Release|Any CPU
	EndGlobalSection
	GlobalSection(ProjectConfigurationPlatforms) = postSolution
		{66D39802-5FAB-4F99-9D92-948F1D915A29}.Debug|Any CPU.ActiveCfg = Debug|Any CPU
		{66D39802-5FAB-4F99-9D92-948F1D915A29}.Debug|Any CPU.Build.0 = Debug|Any CPU
		{66D39802-5FAB-4F99-9D92-948F1D915A29}.Release|Any CPU.ActiveCfg = Release|Any CPU
		{66D39802-5FAB-4F99-9D92-948F1D915A29}.Release|Any CPU.Build.0 = Release|Any CPU
		{3BC2B7E5-E981-4D95-BFD8-5C991F990A6C}.Debug|Any CPU.ActiveCfg = Debug|Any CPU
		{3BC2B7E5-E981-4D95-BFD8-5C991F990A6C}.Debug|Any CPU.Build.0 = Debug|Any CPU
		{3BC2B7E5-E981-4D95-BFD8-5C991F990A6C}.Release|Any CPU.ActiveCfg = Release|Any CPU
		{3BC2B7E5-E981-4D95-BFD8-5C991F990A6C}.Release|Any CPU.Build.0 = Release|Any CPU
		{3EC84CBB-8704-43D9-8F17-6B67FC02EEC3}.Debug|Any CPU.ActiveCfg = Debug|Any CPU
		{3EC84CBB-8704-43D9-8F17-6B67FC02EEC3}.Debug|Any CPU.Build.0 = Debug|Any CPU
		{3EC84CBB-8704-43D9-8F17-6B67FC02EEC3}.Release|Any CPU.ActiveCfg = Release|Any CPU
		{3EC84CBB-8704-43D9-8F17-6B67FC02EEC3}.Release|Any CPU.Build.0 = Release|Any CPU
		{78EA4C65-09BC-4A8D-BFB1-47549EE95714}.Debug|Any CPU.ActiveCfg = Debug|Any CPU
		{78EA4C65-09BC-4A8D-BFB1-47549EE95714}.Debug|Any CPU.Build.0 = Debug|Any CPU
		{78EA4C65-09BC-4A8D-BFB1-47549EE95714}.Release|Any CPU.ActiveCfg = Release|Any CPU
		{78EA4C65-09BC-4A8D-BFB1-47549EE95714}.Release|Any CPU.Build.0 = Release|Any CPU
		{817E78A4-3123-4325-8DDB-3379FCC3869A}.Debug|Any CPU.ActiveCfg = Debug|Any CPU
		{817E78A4-3123-4325-8DDB-3379FCC3869A}.Debug|Any CPU.Build.0 = Debug|Any CPU
		{817E78A4-3123-4325-8DDB-3379FCC3869A}.Release|Any CPU.ActiveCfg = Release|Any CPU
		{817E78A4-3123-4325-8DDB-3379FCC3869A}.Release|Any CPU.Build.0 = Release|Any CPU
	EndGlobalSection
	GlobalSection(SolutionProperties) = preSolution
		HideSolutionNode = FALSE
	EndGlobalSection
	GlobalSection(ExtensibilityGlobals) = postSolution
		SolutionGuid = {D26E3CA0-252D-4168-8905-AD94575E0594}
	EndGlobalSection
EndGlobal
